
Microsoft Visual Studio Solution File, Format Version 12.00
# Visual Studio Version 16
VisualStudioVersion = 16.0.30413.136
MinimumVisualStudioVersion = 10.0.40219.1
Project("{9A19103F-16F7-4668-BE54-9A1E7A4F7556}") = "SchoolLife", "SchoolLife\SchoolLife.csproj", "{CE839166-6DA3-497F-B317-E857237BD931}"
EndProject
Project("{FAE04EC0-301F-11D3-BF4B-00C04F79EFBC}") = "SchoolLifeTesting", "SchoolLifeTesting\SchoolLifeTesting.csproj", "{952E1224-B8D6-475B-AC99-4BBED4F409AA}"
EndProject
Project("{FAE04EC0-301F-11D3-BF4B-00C04F79EFBC}") = "SchoolLifeClient", "SchoolLifeClient\SchoolLifeClient.csproj", "{2FCFD9FB-18DC-49C8-89A5-82BA8FE89641}"
EndProject
Global
	GlobalSection(SolutionConfigurationPlatforms) = preSolution
		Debug|Any CPU = Debug|Any CPU
		Release|Any CPU = Release|Any CPU
	EndGlobalSection
	GlobalSection(ProjectConfigurationPlatforms) = postSolution
		{CE839166-6DA3-497F-B317-E857237BD931}.Debug|Any CPU.ActiveCfg = Debug|Any CPU
		{CE839166-6DA3-497F-B317-E857237BD931}.Debug|Any CPU.Build.0 = Debug|Any CPU
		{CE839166-6DA3-497F-B317-E857237BD931}.Release|Any CPU.ActiveCfg = Release|Any CPU
		{CE839166-6DA3-497F-B317-E857237BD931}.Release|Any CPU.Build.0 = Release|Any CPU
		{952E1224-B8D6-475B-AC99-4BBED4F409AA}.Debug|Any CPU.ActiveCfg = Debug|Any CPU
		{952E1224-B8D6-475B-AC99-4BBED4F409AA}.Debug|Any CPU.Build.0 = Debug|Any CPU
		{952E1224-B8D6-475B-AC99-4BBED4F409AA}.Release|Any CPU.ActiveCfg = Release|Any CPU
		{952E1224-B8D6-475B-AC99-4BBED4F409AA}.Release|Any CPU.Build.0 = Release|Any CPU
		{2FCFD9FB-18DC-49C8-89A5-82BA8FE89641}.Debug|Any CPU.ActiveCfg = Debug|Any CPU
		{2FCFD9FB-18DC-49C8-89A5-82BA8FE89641}.Debug|Any CPU.Build.0 = Debug|Any CPU
		{2FCFD9FB-18DC-49C8-89A5-82BA8FE89641}.Release|Any CPU.ActiveCfg = Release|Any CPU
		{2FCFD9FB-18DC-49C8-89A5-82BA8FE89641}.Release|Any CPU.Build.0 = Release|Any CPU
	EndGlobalSection
	GlobalSection(SolutionProperties) = preSolution
		HideSolutionNode = FALSE
	EndGlobalSection
	GlobalSection(ExtensibilityGlobals) = postSolution
		SolutionGuid = {662C64B1-E3E1-454C-85EF-ACF1FDA7C167}
	EndGlobalSection
EndGlobal
